
Microsoft Visual Studio Solution File, Format Version 12.00
# Visual Studio Version 17
VisualStudioVersion = 17.11.35208.52
MinimumVisualStudioVersion = 10.0.40219.1
Project("{FAE04EC0-301F-11D3-BF4B-00C04F79EFBC}") = "DAL_QLNS", "DAL\DAL_QLNS.csproj", "{51ED1FD1-488D-4E70-A0AB-EE706482569A}"
EndProject
Project("{FAE04EC0-301F-11D3-BF4B-00C04F79EFBC}") = "BUS_QLNS", "BUS_QLNS\BUS_QLNS.csproj", "{55ED0560-F979-427D-8136-27F64FA4057F}"
EndProject
Project("{FAE04EC0-301F-11D3-BF4B-00C04F79EFBC}") = "GUI_QLNS", "GUI_QLNS\GUI_QLNS.csproj", "{F01C92AD-D0F7-4DEC-8234-9CB8B46CBCE1}"
EndProject
Global
	GlobalSection(SolutionConfigurationPlatforms) = preSolution
		Debug|Any CPU = Debug|Any CPU
		Release|Any CPU = Release|Any CPU
	EndGlobalSection
	GlobalSection(ProjectConfigurationPlatforms) = postSolution
		{51ED1FD1-488D-4E70-A0AB-EE706482569A}.Debug|Any CPU.ActiveCfg = Debug|Any CPU
		{51ED1FD1-488D-4E70-A0AB-EE706482569A}.Debug|Any CPU.Build.0 = Debug|Any CPU
		{51ED1FD1-488D-4E70-A0AB-EE706482569A}.Release|Any CPU.ActiveCfg = Release|Any CPU
		{51ED1FD1-488D-4E70-A0AB-EE706482569A}.Release|Any CPU.Build.0 = Release|Any CPU
		{55ED0560-F979-427D-8136-27F64FA4057F}.Debug|Any CPU.ActiveCfg = Debug|Any CPU
		{55ED0560-F979-427D-8136-27F64FA4057F}.Debug|Any CPU.Build.0 = Debug|Any CPU
		{55ED0560-F979-427D-8136-27F64FA4057F}.Release|Any CPU.ActiveCfg = Release|Any CPU
		{55ED0560-F979-427D-8136-27F64FA4057F}.Release|Any CPU.Build.0 = Release|Any CPU
		{F01C92AD-D0F7-4DEC-8234-9CB8B46CBCE1}.Debug|Any CPU.ActiveCfg = Debug|Any CPU
		{F01C92AD-D0F7-4DEC-8234-9CB8B46CBCE1}.Debug|Any CPU.Build.0 = Debug|Any CPU
		{F01C92AD-D0F7-4DEC-8234-9CB8B46CBCE1}.Release|Any CPU.ActiveCfg = Release|Any CPU
		{F01C92AD-D0F7-4DEC-8234-9CB8B46CBCE1}.Release|Any CPU.Build.0 = Release|Any CPU
	EndGlobalSection
	GlobalSection(SolutionProperties) = preSolution
		HideSolutionNode = FALSE
	EndGlobalSection
	GlobalSection(ExtensibilityGlobals) = postSolution
		SolutionGuid = {8618C96E-DBBD-49BA-8429-B17277857CEA}
	EndGlobalSection
EndGlobal
